
Microsoft Visual Studio Solution File, Format Version 12.00
# Visual Studio 15
VisualStudioVersion = 15.0.28307.1082
MinimumVisualStudioVersion = 10.0.40219.1
Project("{FAE04EC0-301F-11D3-BF4B-00C04F79EFBC}") = "CBR_Import", "CBR_Import\CBR_Import.csproj", "{4F1C77D9-56F4-4F8E-9992-73B473E7F70D}"
EndProject
Global
	GlobalSection(SolutionConfigurationPlatforms) = preSolution
		Debug|Any CPU = Debug|Any CPU
		Release|Any CPU = Release|Any CPU
	EndGlobalSection
	GlobalSection(ProjectConfigurationPlatforms) = postSolution
		{4F1C77D9-56F4-4F8E-9992-73B473E7F70D}.Debug|Any CPU.ActiveCfg = Debug|Any CPU
		{4F1C77D9-56F4-4F8E-9992-73B473E7F70D}.Debug|Any CPU.Build.0 = Debug|Any CPU
		{4F1C77D9-56F4-4F8E-9992-73B473E7F70D}.Release|Any CPU.ActiveCfg = Release|Any CPU
		{4F1C77D9-56F4-4F8E-9992-73B473E7F70D}.Release|Any CPU.Build.0 = Release|Any CPU
	EndGlobalSection
	GlobalSection(SolutionProperties) = preSolution
		HideSolutionNode = FALSE
	EndGlobalSection
	GlobalSection(ExtensibilityGlobals) = postSolution
		SolutionGuid = {6AFB9F0A-0735-4122-8434-8C6BC34DC784}
	EndGlobalSection
EndGlobal
